# THIS IS AN AUTOGENERATED FILE. DO NOT EDIT THIS FILE DIRECTLY.
# yarn lockfile v1


new-array@^1.0.0:
  version "1.0.0"
  resolved "https://registry.yarnpkg.com/new-array/-/new-array-1.0.0.tgz#5dbc639d961eac7f1a9fbc1a7146ec12f2924fbf"

sketch-js@^1.1.3:
  version "1.1.3"
  resolved "https://registry.yarnpkg.com/sketch-js/-/sketch-js-1.1.3.tgz#ca692351315f417b25be9fa826866f56827ad85e"
